# Tool pinset for GitHub Actions bootstrap.
# Format: KEY=VALUE shell assignments.

JQ_VERSION=1.7.1
JQ_SHA256=5942c9b0934e510ee61eb3e30273f1b3fe2590df93933a93d7c58b81d19c8ff5

YQ_VERSION=4.52.1
YQ_SHA256=bb7c52fbaeec8b208d7eb2e4e782bb56b83fa00b871aa3c7bfd1e33201446e25

NETCAT_DEB_VERSION=1.226-1ubuntu2
NETCAT_DEB_SHA256=b2b837c2f9939aeda64ddb410c47c5ceee3034cf2157939ed7efdee51961aac4

INFISICAL_VERSION=0.145.0-1
INFISICAL_SHA256=2b8c7b0b5ebfddffc455cfde0dc9c8b6df4db27e43e737b246384fb373e59b3a

ANSIBLE_CORE_VERSION=2.20.2
ANSIBLE_LINT_VERSION=26.1.1

ACTIONLINT_VERSION=v1.7.8
YAMLLINT_VERSION=1.37.1
