# Tool pinset for GitHub Actions bootstrap.
# Format: KEY=VALUE shell assignments.

JQ_VERSION=1.7.1
JQ_SHA256=af3672f67d1177cab839fd658b7035d4e5f34f7d49b2093e2bebd9e1dfbe7b82

YQ_VERSION=4.52.1
YQ_SHA256=32c4c83eb88dfab8b1f9f36748e10fd09381f952d54205b3be4f6f107fe246f0

NETCAT_DEB_VERSION=1.226-1ubuntu2
NETCAT_DEB_SHA256=7488067fc53f47fb96f4d4d1e84d50006ce43e2040e92057ca8f63f93d2ad0a3

INFISICAL_VERSION=0.145.0-0
INFISICAL_SHA256=05a94af6410d4f8f770ffdeee6fa8212dd9eff3d7ccf59f69f31cebc1b747f03

ANSIBLE_CORE_VERSION=2.20.2
ANSIBLE_LINT_VERSION=26.1.1

ACTIONLINT_VERSION=v1.7.8
YAMLLINT_VERSION=1.37.1
